PackratFormat: 1.4
PackratVersion: 0.4.8.1
RVersion: 3.4.1
Repos: CRAN=https://cran.rstudio.com/

Package: Amelia
Source: CRAN
Version: 1.7.4
Hash: bd63633eebb6c6d5cd508541446386a0
Requires: Rcpp, RcppArmadillo, foreign

Package: BH
Source: CRAN
Version: 1.65.0-1
Hash: 95f62be4d6916aae14a310a8b56a6475

Package: DT
Source: CRAN
Version: 0.2
Hash: 36b032203797956fedad5a25055016a9
Requires: htmltools, htmlwidgets, magrittr

Package: GGally
Source: CRAN
Version: 1.3.2
Hash: 27e95068f899e4ab58472b1776254d9e
Requires: RColorBrewer, ggplot2, gtable, plyr, progress, reshape

Package: MASS
Source: CRAN
Version: 7.3-47
Hash: cef924b1619219cfc32edbb8a340e652

Package: R6
Source: CRAN
Version: 2.2.2
Hash: b2366cd9d2f3851a5704b4e192b985c2

Package: RColorBrewer
Source: CRAN
Version: 1.1-2
Hash: c0d56cd15034f395874c870141870c25

Package: Rcpp
Source: CRAN
Version: 0.12.13
Hash: b9d8d89ff10ca2d8bfdaccdf83045ba1

Package: RcppArmadillo
Source: CRAN
Version: 0.8.100.1.0
Hash: 154fdab793405ee4be3242e923e324c1
Requires: Rcpp

Package: assertthat
Source: CRAN
Version: 0.2.0
Hash: e8805df54c65ac96d50235c44a82615c

Package: backports
Source: CRAN
Version: 1.1.1
Hash: add136c9d4540b96290e9cc438763da7

Package: base64enc
Source: CRAN
Version: 0.1-3
Hash: c590d29e555926af053055e23ee79efb

Package: bindr
Source: CRAN
Version: 0.1
Hash: e3a02070cf705d3ad1c5af1635a515a3

Package: bindrcpp
Source: CRAN
Version: 0.2
Hash: e011aef1e6b2f8ff15d833f56abcf0ba
Requires: Rcpp, bindr, plogr

Package: bitops
Source: CRAN
Version: 1.0-6
Hash: 67d0775189fd0041d95abca618c5c07e

Package: caTools
Source: CRAN
Version: 1.17.1
Hash: 97cb6f6293cd18d17df77a6383cc6763
Requires: bitops

Package: colorspace
Source: CRAN
Version: 1.3-2
Hash: 0bf8618b585fa98eb23414cd3ab95118

Package: curl
Source: CRAN
Version: 3.0
Hash: fb0029f1c84bf9b510c4f55cda7103f1

Package: devtools
Source: CRAN
Version: 1.13.4
Hash: 80a77b22f641002c7ce0343baeaee300
Requires: digest, git2r, httr, jsonlite, memoise, rstudioapi, whisker,
    withr

Package: dichromat
Source: CRAN
Version: 2.0-0
Hash: 08eed0c80510af29bb15f840ccfe37ce

Package: digest
Source: CRAN
Version: 0.6.12
Hash: e53fb8c58673df868183697e39a6a4d6

Package: dplyr
Source: CRAN
Version: 0.7.4
Hash: 8f4e0074ac488385f084e27bf6f54d41
Requires: BH, R6, Rcpp, assertthat, bindrcpp, glue, magrittr,
    pkgconfig, plogr, rlang, tibble

Package: evaluate
Source: CRAN
Version: 0.10.1
Hash: 54d95f4ec6d0300100413ed0127d89ae
Requires: stringr

Package: foreign
Source: CRAN
Version: 0.8-69
Hash: 6cb09ceba757189aff90eb9bb72c8983

Package: formatR
Source: CRAN
Version: 1.5
Hash: 258cf79a8dbeedf1c981cdb53837d2af

Package: ggplot2
Source: CRAN
Version: 2.2.1
Hash: 46e5cb78836848aa44655e577433f54b
Requires: MASS, digest, gtable, lazyeval, plyr, reshape2, scales,
    tibble

Package: git2r
Source: CRAN
Version: 0.19.0
Hash: f4f7966fc357f60dc62dbffcea917eef

Package: glue
Source: CRAN
Version: 1.2.0
Hash: 381e42baedecc633c0e547a0c7ca9de7

Package: gtable
Source: CRAN
Version: 0.2.0
Hash: cd78381a9d3fea966ac39bd0daaf5554

Package: highr
Source: CRAN
Version: 0.6
Hash: aa3d5b7912b5fed4b546ed5cd2a1760b

Package: htmltools
Source: CRAN
Version: 0.3.6
Hash: 34e5c725d3ae30a76516792edcc16f24
Requires: Rcpp, digest

Package: htmlwidgets
Source: CRAN
Version: 0.9
Hash: 7514f6ea9f3bef6d9b6c945095275302
Requires: htmltools, jsonlite, yaml

Package: httpuv
Source: CRAN
Version: 1.3.5
Hash: 6fb95f48d0fbf453ad18ace1606b6192
Requires: Rcpp

Package: httr
Source: CRAN
Version: 1.3.1
Hash: 2d32e01e53d532c812052e27a1021441
Requires: R6, curl, jsonlite, mime, openssl

Package: jsonlite
Source: CRAN
Version: 1.5
Hash: 9c51936d8dd00b2f1d4fe9d10499694c

Package: knitr
Source: CRAN
Version: 1.17
Hash: f6b2bf543ee3e25f5b92bb46f9958c5f
Requires: digest, evaluate, highr, markdown, stringr, yaml

Package: labeling
Source: CRAN
Version: 0.3
Hash: ecf589b42cd284b03a4beb9665482d3e

Package: lazyeval
Source: CRAN
Version: 0.2.1
Hash: 88926ad9c43581fd0822a37c8ed09f05

Package: lubridate
Source: CRAN
Version: 1.7.1
Hash: 4393610161ddb7066e9ca3f7aa2188bd
Requires: Rcpp, stringr

Package: magrittr
Source: CRAN
Version: 1.5
Hash: bdc4d48c3135e8f3b399536ddf160df4

Package: markdown
Source: CRAN
Version: 0.8
Hash: 045d7c594d503b41f1c28946d076c8aa
Requires: mime

Package: memoise
Source: CRAN
Version: 1.1.0
Hash: 410fcd334bc626db100237cc1370f2e9
Requires: digest

Package: mime
Source: CRAN
Version: 0.5
Hash: 463550cf44fb6f0a2359368f42eebe62

Package: munsell
Source: CRAN
Version: 0.4.3
Hash: f96d896947fcaf9b6d0074002e9f4f9d
Requires: colorspace

Package: openssl
Source: CRAN
Version: 0.9.9
Hash: 3858537ac10388a5db1687450908f257

Package: packrat
Source: CRAN
Version: 0.4.8-1
Hash: 6ad605ba7b4b476d84be6632393f5765

Package: pkgconfig
Source: CRAN
Version: 2.0.1
Hash: 0dda4a2654a22b36a715c2b0b6fbacac

Package: plogr
Source: CRAN
Version: 0.1-1
Hash: fb19215402e2d9f1c7f803dcaa806fc2

Package: plyr
Source: CRAN
Version: 1.8.4
Hash: 9598fbff0cce13bee89ae3a50230d93f
Requires: Rcpp

Package: prettyunits
Source: CRAN
Version: 1.0.2
Hash: 49286102a855640daaa38eafe8b1ec30
Requires: assertthat, magrittr

Package: progress
Source: CRAN
Version: 1.1.2
Hash: ceef88c244d792a874bdacf72b6a30da
Requires: R6, prettyunits

Package: reshape
Source: CRAN
Version: 0.8.7
Hash: f026a2928c05063a8d0b2e29a129f9a0
Requires: plyr

Package: reshape2
Source: CRAN
Version: 1.4.2
Hash: cca35d2c477d99d8bc53908939eb659e
Requires: Rcpp, plyr, stringr

Package: rlang
Source: CRAN
Version: 0.1.4
Hash: fef2abdadbb8db061b9d37e7ca5cb0b4

Package: rmarkdown
Source: CRAN
Version: 1.8
Hash: 2a7842e3cee62a79dd737d17e9e9d86b
Requires: base64enc, evaluate, htmltools, jsonlite, knitr, mime,
    rprojroot, stringr, yaml

Package: rprojroot
Source: CRAN
Version: 1.2
Hash: fdcac51a7f47decd60556ceefc3c26b1
Requires: backports

Package: rstudioapi
Source: CRAN
Version: 0.7
Hash: e2ebaff8160aff3e6b32e6e78a693c2d

Package: scales
Source: CRAN
Version: 0.5.0
Hash: 1e70c4e1dcc1c51847edc9f4bc11a81e
Requires: R6, RColorBrewer, Rcpp, dichromat, labeling, munsell, plyr,
    viridisLite

Package: shiny
Source: CRAN
Version: 1.0.5
Hash: 4d47532a807122bfd6bc3818310f9d2e
Requires: R6, digest, htmltools, httpuv, jsonlite, mime, sourcetools,
    xtable

Package: shinythemes
Source: CRAN
Version: 1.1.1
Hash: d15f59eaa7a9a0668cea3af7f477820c
Requires: shiny

Package: sourcetools
Source: CRAN
Version: 0.1.6
Hash: 226d56d7469587da40b0f96180e711b4

Package: stringi
Source: CRAN
Version: 1.1.5
Hash: b6308e49357a0b475f433599e0d8b5eb

Package: stringr
Source: CRAN
Version: 1.2.0
Hash: 25a86d7f410513ebb7c0bc6a5e16bdc3
Requires: magrittr, stringi

Package: tibble
Source: CRAN
Version: 1.3.4
Hash: 3b72bdedb6c27fb216574ab9b15f2d43
Requires: Rcpp, rlang

Package: titanic
Source: CRAN
Version: 0.1.0
Hash: 52436a578e18e7b1dc6ef90bb16cbd16

Package: viridisLite
Source: CRAN
Version: 0.2.0
Hash: 10f0c25af3dc84eaae10f5854f47efdb

Package: whisker
Source: CRAN
Version: 0.3-2
Hash: 803d662762e532705c2c066a82d066e7

Package: withr
Source: CRAN
Version: 2.1.0
Hash: 097f730987c2dc13d421b65bf01ddf08

Package: xtable
Source: CRAN
Version: 1.8-2
Hash: 7293235cfcc14cdff1ce7fd1a0212031

Package: yaml
Source: CRAN
Version: 2.1.14
Hash: c81230c3a7d9ba20607ad6b4331173d1
